<?xml version="1.0" encoding="utf-8"?>
<Project ToolsVersion="17.0" xmlns="http://schemas.microsoft.com/developer/msbuild/2003">
  <ItemGroup>
    <CustomBuild Include="F:\VisualStudio-Project\PlantsVSZombies\win32-build\CMakeFiles\79f31328bc956880a9fc7b0804371f38\SYNC_RESOURCE-PlantsVSZombies.rule">
      <Filter>CMake Rules</Filter>
    </CustomBuild>
    <CustomBuild Include="F:\VisualStudio-Project\PlantsVSZombies\CMakeLists.txt" />
  </ItemGroup>
  <ItemGroup>
    <None Include="F:\VisualStudio-Project\PlantsVSZombies\win32-build\CMakeFiles\SYNC_RESOURCE-PlantsVSZombies" />
  </ItemGroup>
  <ItemGroup>
    <Filter Include="CMake Rules">
      <UniqueIdentifier>{B4BDED80-3FB4-3179-B057-79373CEFDDFB}</UniqueIdentifier>
    </Filter>
  </ItemGroup>
</Project>
