
Microsoft Visual Studio Solution File, Format Version 12.00
# Visual Studio Version 17
Project("{2150E333-8FDC-42A3-9474-1A3956D46DE8}") = "CMakePredefinedTargets", "CMakePredefinedTargets", "{9AB15C57-53CA-339A-B4CE-AE8B93A0B731}"
EndProject
Project("{2150E333-8FDC-42A3-9474-1A3956D46DE8}") = "External", "External", "{DE0959DA-5247-30A9-B5B7-939E204B2CE2}"
EndProject
Project("{2150E333-8FDC-42A3-9474-1A3956D46DE8}") = "Internal", "Internal", "{68B2FF0B-5E2E-3C89-8FF1-1BB821F87953}"
EndProject
Project("{8BC9CEB8-8B4A-11D0-8D11-00A0C91BC942}") = "ALL_BUILD", "ALL_BUILD.vcxproj", "{CBE599F0-AEA8-3D41-8E91-E4FFB40A017D}"
	ProjectSection(ProjectDependencies) = postProject
		{13543BD9-3441-389C-9284-2D245E154C5E} = {13543BD9-3441-389C-9284-2D245E154C5E}
		{F24027A9-4AA7-39DB-A276-98B74EBC57F6} = {F24027A9-4AA7-39DB-A276-98B74EBC57F6}
		{301FAC60-4C4C-3AF5-A2FB-29427636E707} = {301FAC60-4C4C-3AF5-A2FB-29427636E707}
		{17F0AFB9-A28A-3F58-A480-13728B636B77} = {17F0AFB9-A28A-3F58-A480-13728B636B77}
		{460C8516-FB45-37B9-AC40-9326854A1E6F} = {460C8516-FB45-37B9-AC40-9326854A1E6F}
		{D8EC5C44-5A31-3BE5-9588-03C3130C516D} = {D8EC5C44-5A31-3BE5-9588-03C3130C516D}
		{B5459AEF-4CC7-349E-94AB-00009EC1A341} = {B5459AEF-4CC7-349E-94AB-00009EC1A341}
		{2D902EE3-58E6-3DAA-B194-53F9B2885437} = {2D902EE3-58E6-3DAA-B194-53F9B2885437}
		{0372FF46-0DCE-3C08-9E0A-73378D474129} = {0372FF46-0DCE-3C08-9E0A-73378D474129}
		{542BD5B9-53B3-376C-9239-0AC419A52686} = {542BD5B9-53B3-376C-9239-0AC419A52686}
		{8CB8DA5F-6AEF-3C04-A7A5-79CE5F9E959F} = {8CB8DA5F-6AEF-3C04-A7A5-79CE5F9E959F}
		{593C47C4-D350-3D61-A59B-5361C8E88DD5} = {593C47C4-D350-3D61-A59B-5361C8E88DD5}
		{6E3CC4A2-F956-32C5-B97B-B03E14770BE4} = {6E3CC4A2-F956-32C5-B97B-B03E14770BE4}
	EndProjectSection
EndProject
Project("{8BC9CEB8-8B4A-11D0-8D11-00A0C91BC942}") = "ZERO_CHECK", "..\..\..\\ZERO_CHECK.vcxproj", "{13543BD9-3441-389C-9284-2D245E154C5E}"
	ProjectSection(ProjectDependencies) = postProject
	EndProjectSection
EndProject
Project("{8BC9CEB8-8B4A-11D0-8D11-00A0C91BC942}") = "cocos2d", "cocos2d.vcxproj", "{F24027A9-4AA7-39DB-A276-98B74EBC57F6}"
	ProjectSection(ProjectDependencies) = postProject
		{13543BD9-3441-389C-9284-2D245E154C5E} = {13543BD9-3441-389C-9284-2D245E154C5E}
		{301FAC60-4C4C-3AF5-A2FB-29427636E707} = {301FAC60-4C4C-3AF5-A2FB-29427636E707}
		{17F0AFB9-A28A-3F58-A480-13728B636B77} = {17F0AFB9-A28A-3F58-A480-13728B636B77}
		{460C8516-FB45-37B9-AC40-9326854A1E6F} = {460C8516-FB45-37B9-AC40-9326854A1E6F}
		{D8EC5C44-5A31-3BE5-9588-03C3130C516D} = {D8EC5C44-5A31-3BE5-9588-03C3130C516D}
		{B5459AEF-4CC7-349E-94AB-00009EC1A341} = {B5459AEF-4CC7-349E-94AB-00009EC1A341}
		{2D902EE3-58E6-3DAA-B194-53F9B2885437} = {2D902EE3-58E6-3DAA-B194-53F9B2885437}
		{0372FF46-0DCE-3C08-9E0A-73378D474129} = {0372FF46-0DCE-3C08-9E0A-73378D474129}
		{542BD5B9-53B3-376C-9239-0AC419A52686} = {542BD5B9-53B3-376C-9239-0AC419A52686}
		{8CB8DA5F-6AEF-3C04-A7A5-79CE5F9E959F} = {8CB8DA5F-6AEF-3C04-A7A5-79CE5F9E959F}
		{593C47C4-D350-3D61-A59B-5361C8E88DD5} = {593C47C4-D350-3D61-A59B-5361C8E88DD5}
		{6E3CC4A2-F956-32C5-B97B-B03E14770BE4} = {6E3CC4A2-F956-32C5-B97B-B03E14770BE4}
	EndProjectSection
EndProject
Project("{8BC9CEB8-8B4A-11D0-8D11-00A0C91BC942}") = "ext_clipper", "..\..\external\clipper\ext_clipper.vcxproj", "{301FAC60-4C4C-3AF5-A2FB-29427636E707}"
	ProjectSection(ProjectDependencies) = postProject
		{13543BD9-3441-389C-9284-2D245E154C5E} = {13543BD9-3441-389C-9284-2D245E154C5E}
	EndProjectSection
EndProject
Project("{8BC9CEB8-8B4A-11D0-8D11-00A0C91BC942}") = "ext_convertUTF", "..\..\external\ConvertUTF\ext_convertUTF.vcxproj", "{17F0AFB9-A28A-3F58-A480-13728B636B77}"
	ProjectSection(ProjectDependencies) = postProject
		{13543BD9-3441-389C-9284-2D245E154C5E} = {13543BD9-3441-389C-9284-2D245E154C5E}
	EndProjectSection
EndProject
Project("{8BC9CEB8-8B4A-11D0-8D11-00A0C91BC942}") = "ext_edtaa3func", "..\..\external\edtaa3func\ext_edtaa3func.vcxproj", "{460C8516-FB45-37B9-AC40-9326854A1E6F}"
	ProjectSection(ProjectDependencies) = postProject
		{13543BD9-3441-389C-9284-2D245E154C5E} = {13543BD9-3441-389C-9284-2D245E154C5E}
	EndProjectSection
EndProject
Project("{8BC9CEB8-8B4A-11D0-8D11-00A0C91BC942}") = "ext_md5", "..\..\external\md5\ext_md5.vcxproj", "{D8EC5C44-5A31-3BE5-9588-03C3130C516D}"
	ProjectSection(ProjectDependencies) = postProject
		{13543BD9-3441-389C-9284-2D245E154C5E} = {13543BD9-3441-389C-9284-2D245E154C5E}
	EndProjectSection
EndProject
Project("{8BC9CEB8-8B4A-11D0-8D11-00A0C91BC942}") = "ext_poly2tri", "..\..\external\poly2tri\ext_poly2tri.vcxproj", "{B5459AEF-4CC7-349E-94AB-00009EC1A341}"
	ProjectSection(ProjectDependencies) = postProject
		{13543BD9-3441-389C-9284-2D245E154C5E} = {13543BD9-3441-389C-9284-2D245E154C5E}
	EndProjectSection
EndProject
Project("{8BC9CEB8-8B4A-11D0-8D11-00A0C91BC942}") = "ext_recast", "..\..\external\recast\ext_recast.vcxproj", "{2D902EE3-58E6-3DAA-B194-53F9B2885437}"
	ProjectSection(ProjectDependencies) = postProject
		{13543BD9-3441-389C-9284-2D245E154C5E} = {13543BD9-3441-389C-9284-2D245E154C5E}
	EndProjectSection
EndProject
Project("{8BC9CEB8-8B4A-11D0-8D11-00A0C91BC942}") = "ext_tinyxml2", "..\..\external\tinyxml2\ext_tinyxml2.vcxproj", "{0372FF46-0DCE-3C08-9E0A-73378D474129}"
	ProjectSection(ProjectDependencies) = postProject
		{13543BD9-3441-389C-9284-2D245E154C5E} = {13543BD9-3441-389C-9284-2D245E154C5E}
	EndProjectSection
EndProject
Project("{8BC9CEB8-8B4A-11D0-8D11-00A0C91BC942}") = "ext_unzip", "..\..\external\unzip\ext_unzip.vcxproj", "{542BD5B9-53B3-376C-9239-0AC419A52686}"
	ProjectSection(ProjectDependencies) = postProject
		{13543BD9-3441-389C-9284-2D245E154C5E} = {13543BD9-3441-389C-9284-2D245E154C5E}
	EndProjectSection
EndProject
Project("{8BC9CEB8-8B4A-11D0-8D11-00A0C91BC942}") = "ext_xxhash", "..\..\external\xxhash\ext_xxhash.vcxproj", "{8CB8DA5F-6AEF-3C04-A7A5-79CE5F9E959F}"
	ProjectSection(ProjectDependencies) = postProject
		{13543BD9-3441-389C-9284-2D245E154C5E} = {13543BD9-3441-389C-9284-2D245E154C5E}
	EndProjectSection
EndProject
Project("{8BC9CEB8-8B4A-11D0-8D11-00A0C91BC942}") = "ext_xxtea", "..\..\external\xxtea\ext_xxtea.vcxproj", "{593C47C4-D350-3D61-A59B-5361C8E88DD5}"
	ProjectSection(ProjectDependencies) = postProject
		{13543BD9-3441-389C-9284-2D245E154C5E} = {13543BD9-3441-389C-9284-2D245E154C5E}
	EndProjectSection
EndProject
Project("{8BC9CEB8-8B4A-11D0-8D11-00A0C91BC942}") = "external", "..\..\external\external.vcxproj", "{6E3CC4A2-F956-32C5-B97B-B03E14770BE4}"
	ProjectSection(ProjectDependencies) = postProject
		{13543BD9-3441-389C-9284-2D245E154C5E} = {13543BD9-3441-389C-9284-2D245E154C5E}
		{301FAC60-4C4C-3AF5-A2FB-29427636E707} = {301FAC60-4C4C-3AF5-A2FB-29427636E707}
		{17F0AFB9-A28A-3F58-A480-13728B636B77} = {17F0AFB9-A28A-3F58-A480-13728B636B77}
		{460C8516-FB45-37B9-AC40-9326854A1E6F} = {460C8516-FB45-37B9-AC40-9326854A1E6F}
		{D8EC5C44-5A31-3BE5-9588-03C3130C516D} = {D8EC5C44-5A31-3BE5-9588-03C3130C516D}
		{B5459AEF-4CC7-349E-94AB-00009EC1A341} = {B5459AEF-4CC7-349E-94AB-00009EC1A341}
		{2D902EE3-58E6-3DAA-B194-53F9B2885437} = {2D902EE3-58E6-3DAA-B194-53F9B2885437}
		{0372FF46-0DCE-3C08-9E0A-73378D474129} = {0372FF46-0DCE-3C08-9E0A-73378D474129}
		{542BD5B9-53B3-376C-9239-0AC419A52686} = {542BD5B9-53B3-376C-9239-0AC419A52686}
		{8CB8DA5F-6AEF-3C04-A7A5-79CE5F9E959F} = {8CB8DA5F-6AEF-3C04-A7A5-79CE5F9E959F}
		{593C47C4-D350-3D61-A59B-5361C8E88DD5} = {593C47C4-D350-3D61-A59B-5361C8E88DD5}
	EndProjectSection
EndProject
Global
	GlobalSection(SolutionConfigurationPlatforms) = preSolution
		Debug|win32 = Debug|win32
		Release|win32 = Release|win32
		MinSizeRel|win32 = MinSizeRel|win32
		RelWithDebInfo|win32 = RelWithDebInfo|win32
	EndGlobalSection
	GlobalSection(ProjectConfigurationPlatforms) = postSolution
		{CBE599F0-AEA8-3D41-8E91-E4FFB40A017D}.Debug|win32.ActiveCfg = Debug|win32
		{CBE599F0-AEA8-3D41-8E91-E4FFB40A017D}.Release|win32.ActiveCfg = Release|win32
		{CBE599F0-AEA8-3D41-8E91-E4FFB40A017D}.MinSizeRel|win32.ActiveCfg = MinSizeRel|win32
		{CBE599F0-AEA8-3D41-8E91-E4FFB40A017D}.RelWithDebInfo|win32.ActiveCfg = RelWithDebInfo|win32
		{13543BD9-3441-389C-9284-2D245E154C5E}.Debug|win32.ActiveCfg = Debug|win32
		{13543BD9-3441-389C-9284-2D245E154C5E}.Debug|win32.Build.0 = Debug|win32
		{13543BD9-3441-389C-9284-2D245E154C5E}.Release|win32.ActiveCfg = Release|win32
		{13543BD9-3441-389C-9284-2D245E154C5E}.Release|win32.Build.0 = Release|win32
		{13543BD9-3441-389C-9284-2D245E154C5E}.MinSizeRel|win32.ActiveCfg = MinSizeRel|win32
		{13543BD9-3441-389C-9284-2D245E154C5E}.MinSizeRel|win32.Build.0 = MinSizeRel|win32
		{13543BD9-3441-389C-9284-2D245E154C5E}.RelWithDebInfo|win32.ActiveCfg = RelWithDebInfo|win32
		{13543BD9-3441-389C-9284-2D245E154C5E}.RelWithDebInfo|win32.Build.0 = RelWithDebInfo|win32
		{F24027A9-4AA7-39DB-A276-98B74EBC57F6}.Debug|win32.ActiveCfg = Debug|win32
		{F24027A9-4AA7-39DB-A276-98B74EBC57F6}.Debug|win32.Build.0 = Debug|win32
		{F24027A9-4AA7-39DB-A276-98B74EBC57F6}.Release|win32.ActiveCfg = Release|win32
		{F24027A9-4AA7-39DB-A276-98B74EBC57F6}.Release|win32.Build.0 = Release|win32
		{F24027A9-4AA7-39DB-A276-98B74EBC57F6}.MinSizeRel|win32.ActiveCfg = MinSizeRel|win32
		{F24027A9-4AA7-39DB-A276-98B74EBC57F6}.MinSizeRel|win32.Build.0 = MinSizeRel|win32
		{F24027A9-4AA7-39DB-A276-98B74EBC57F6}.RelWithDebInfo|win32.ActiveCfg = RelWithDebInfo|win32
		{F24027A9-4AA7-39DB-A276-98B74EBC57F6}.RelWithDebInfo|win32.Build.0 = RelWithDebInfo|win32
		{301FAC60-4C4C-3AF5-A2FB-29427636E707}.Debug|win32.ActiveCfg = Debug|win32
		{301FAC60-4C4C-3AF5-A2FB-29427636E707}.Debug|win32.Build.0 = Debug|win32
		{301FAC60-4C4C-3AF5-A2FB-29427636E707}.Release|win32.ActiveCfg = Release|win32
		{301FAC60-4C4C-3AF5-A2FB-29427636E707}.Release|win32.Build.0 = Release|win32
		{301FAC60-4C4C-3AF5-A2FB-29427636E707}.MinSizeRel|win32.ActiveCfg = MinSizeRel|win32
		{301FAC60-4C4C-3AF5-A2FB-29427636E707}.MinSizeRel|win32.Build.0 = MinSizeRel|win32
		{301FAC60-4C4C-3AF5-A2FB-29427636E707}.RelWithDebInfo|win32.ActiveCfg = RelWithDebInfo|win32
		{301FAC60-4C4C-3AF5-A2FB-29427636E707}.RelWithDebInfo|win32.Build.0 = RelWithDebInfo|win32
		{17F0AFB9-A28A-3F58-A480-13728B636B77}.Debug|win32.ActiveCfg = Debug|win32
		{17F0AFB9-A28A-3F58-A480-13728B636B77}.Debug|win32.Build.0 = Debug|win32
		{17F0AFB9-A28A-3F58-A480-13728B636B77}.Release|win32.ActiveCfg = Release|win32
		{17F0AFB9-A28A-3F58-A480-13728B636B77}.Release|win32.Build.0 = Release|win32
		{17F0AFB9-A28A-3F58-A480-13728B636B77}.MinSizeRel|win32.ActiveCfg = MinSizeRel|win32
		{17F0AFB9-A28A-3F58-A480-13728B636B77}.MinSizeRel|win32.Build.0 = MinSizeRel|win32
		{17F0AFB9-A28A-3F58-A480-13728B636B77}.RelWithDebInfo|win32.ActiveCfg = RelWithDebInfo|win32
		{17F0AFB9-A28A-3F58-A480-13728B636B77}.RelWithDebInfo|win32.Build.0 = RelWithDebInfo|win32
		{460C8516-FB45-37B9-AC40-9326854A1E6F}.Debug|win32.ActiveCfg = Debug|win32
		{460C8516-FB45-37B9-AC40-9326854A1E6F}.Debug|win32.Build.0 = Debug|win32
		{460C8516-FB45-37B9-AC40-9326854A1E6F}.Release|win32.ActiveCfg = Release|win32
		{460C8516-FB45-37B9-AC40-9326854A1E6F}.Release|win32.Build.0 = Release|win32
		{460C8516-FB45-37B9-AC40-9326854A1E6F}.MinSizeRel|win32.ActiveCfg = MinSizeRel|win32
		{460C8516-FB45-37B9-AC40-9326854A1E6F}.MinSizeRel|win32.Build.0 = MinSizeRel|win32
		{460C8516-FB45-37B9-AC40-9326854A1E6F}.RelWithDebInfo|win32.ActiveCfg = RelWithDebInfo|win32
		{460C8516-FB45-37B9-AC40-9326854A1E6F}.RelWithDebInfo|win32.Build.0 = RelWithDebInfo|win32
		{D8EC5C44-5A31-3BE5-9588-03C3130C516D}.Debug|win32.ActiveCfg = Debug|win32
		{D8EC5C44-5A31-3BE5-9588-03C3130C516D}.Debug|win32.Build.0 = Debug|win32
		{D8EC5C44-5A31-3BE5-9588-03C3130C516D}.Release|win32.ActiveCfg = Release|win32
		{D8EC5C44-5A31-3BE5-9588-03C3130C516D}.Release|win32.Build.0 = Release|win32
		{D8EC5C44-5A31-3BE5-9588-03C3130C516D}.MinSizeRel|win32.ActiveCfg = MinSizeRel|win32
		{D8EC5C44-5A31-3BE5-9588-03C3130C516D}.MinSizeRel|win32.Build.0 = MinSizeRel|win32
		{D8EC5C44-5A31-3BE5-9588-03C3130C516D}.RelWithDebInfo|win32.ActiveCfg = RelWithDebInfo|win32
		{D8EC5C44-5A31-3BE5-9588-03C3130C516D}.RelWithDebInfo|win32.Build.0 = RelWithDebInfo|win32
		{B5459AEF-4CC7-349E-94AB-00009EC1A341}.Debug|win32.ActiveCfg = Debug|win32
		{B5459AEF-4CC7-349E-94AB-00009EC1A341}.Debug|win32.Build.0 = Debug|win32
		{B5459AEF-4CC7-349E-94AB-00009EC1A341}.Release|win32.ActiveCfg = Release|win32
		{B5459AEF-4CC7-349E-94AB-00009EC1A341}.Release|win32.Build.0 = Release|win32
		{B5459AEF-4CC7-349E-94AB-00009EC1A341}.MinSizeRel|win32.ActiveCfg = MinSizeRel|win32
		{B5459AEF-4CC7-349E-94AB-00009EC1A341}.MinSizeRel|win32.Build.0 = MinSizeRel|win32
		{B5459AEF-4CC7-349E-94AB-00009EC1A341}.RelWithDebInfo|win32.ActiveCfg = RelWithDebInfo|win32
		{B5459AEF-4CC7-349E-94AB-00009EC1A341}.RelWithDebInfo|win32.Build.0 = RelWithDebInfo|win32
		{2D902EE3-58E6-3DAA-B194-53F9B2885437}.Debug|win32.ActiveCfg = Debug|win32
		{2D902EE3-58E6-3DAA-B194-53F9B2885437}.Debug|win32.Build.0 = Debug|win32
		{2D902EE3-58E6-3DAA-B194-53F9B2885437}.Release|win32.ActiveCfg = Release|win32
		{2D902EE3-58E6-3DAA-B194-53F9B2885437}.Release|win32.Build.0 = Release|win32
		{2D902EE3-58E6-3DAA-B194-53F9B2885437}.MinSizeRel|win32.ActiveCfg = MinSizeRel|win32
		{2D902EE3-58E6-3DAA-B194-53F9B2885437}.MinSizeRel|win32.Build.0 = MinSizeRel|win32
		{2D902EE3-58E6-3DAA-B194-53F9B2885437}.RelWithDebInfo|win32.ActiveCfg = RelWithDebInfo|win32
		{2D902EE3-58E6-3DAA-B194-53F9B2885437}.RelWithDebInfo|win32.Build.0 = RelWithDebInfo|win32
		{0372FF46-0DCE-3C08-9E0A-73378D474129}.Debug|win32.ActiveCfg = Debug|win32
		{0372FF46-0DCE-3C08-9E0A-73378D474129}.Debug|win32.Build.0 = Debug|win32
		{0372FF46-0DCE-3C08-9E0A-73378D474129}.Release|win32.ActiveCfg = Release|win32
		{0372FF46-0DCE-3C08-9E0A-73378D474129}.Release|win32.Build.0 = Release|win32
		{0372FF46-0DCE-3C08-9E0A-73378D474129}.MinSizeRel|win32.ActiveCfg = MinSizeRel|win32
		{0372FF46-0DCE-3C08-9E0A-73378D474129}.MinSizeRel|win32.Build.0 = MinSizeRel|win32
		{0372FF46-0DCE-3C08-9E0A-73378D474129}.RelWithDebInfo|win32.ActiveCfg = RelWithDebInfo|win32
		{0372FF46-0DCE-3C08-9E0A-73378D474129}.RelWithDebInfo|win32.Build.0 = RelWithDebInfo|win32
		{542BD5B9-53B3-376C-9239-0AC419A52686}.Debug|win32.ActiveCfg = Debug|win32
		{542BD5B9-53B3-376C-9239-0AC419A52686}.Debug|win32.Build.0 = Debug|win32
		{542BD5B9-53B3-376C-9239-0AC419A52686}.Release|win32.ActiveCfg = Release|win32
		{542BD5B9-53B3-376C-9239-0AC419A52686}.Release|win32.Build.0 = Release|win32
		{542BD5B9-53B3-376C-9239-0AC419A52686}.MinSizeRel|win32.ActiveCfg = MinSizeRel|win32
		{542BD5B9-53B3-376C-9239-0AC419A52686}.MinSizeRel|win32.Build.0 = MinSizeRel|win32
		{542BD5B9-53B3-376C-9239-0AC419A52686}.RelWithDebInfo|win32.ActiveCfg = RelWithDebInfo|win32
		{542BD5B9-53B3-376C-9239-0AC419A52686}.RelWithDebInfo|win32.Build.0 = RelWithDebInfo|win32
		{8CB8DA5F-6AEF-3C04-A7A5-79CE5F9E959F}.Debug|win32.ActiveCfg = Debug|win32
		{8CB8DA5F-6AEF-3C04-A7A5-79CE5F9E959F}.Debug|win32.Build.0 = Debug|win32
		{8CB8DA5F-6AEF-3C04-A7A5-79CE5F9E959F}.Release|win32.ActiveCfg = Release|win32
		{8CB8DA5F-6AEF-3C04-A7A5-79CE5F9E959F}.Release|win32.Build.0 = Release|win32
		{8CB8DA5F-6AEF-3C04-A7A5-79CE5F9E959F}.MinSizeRel|win32.ActiveCfg = MinSizeRel|win32
		{8CB8DA5F-6AEF-3C04-A7A5-79CE5F9E959F}.MinSizeRel|win32.Build.0 = MinSizeRel|win32
		{8CB8DA5F-6AEF-3C04-A7A5-79CE5F9E959F}.RelWithDebInfo|win32.ActiveCfg = RelWithDebInfo|win32
		{8CB8DA5F-6AEF-3C04-A7A5-79CE5F9E959F}.RelWithDebInfo|win32.Build.0 = RelWithDebInfo|win32
		{593C47C4-D350-3D61-A59B-5361C8E88DD5}.Debug|win32.ActiveCfg = Debug|win32
		{593C47C4-D350-3D61-A59B-5361C8E88DD5}.Debug|win32.Build.0 = Debug|win32
		{593C47C4-D350-3D61-A59B-5361C8E88DD5}.Release|win32.ActiveCfg = Release|win32
		{593C47C4-D350-3D61-A59B-5361C8E88DD5}.Release|win32.Build.0 = Release|win32
		{593C47C4-D350-3D61-A59B-5361C8E88DD5}.MinSizeRel|win32.ActiveCfg = MinSizeRel|win32
		{593C47C4-D350-3D61-A59B-5361C8E88DD5}.MinSizeRel|win32.Build.0 = MinSizeRel|win32
		{593C47C4-D350-3D61-A59B-5361C8E88DD5}.RelWithDebInfo|win32.ActiveCfg = RelWithDebInfo|win32
		{593C47C4-D350-3D61-A59B-5361C8E88DD5}.RelWithDebInfo|win32.Build.0 = RelWithDebInfo|win32
		{6E3CC4A2-F956-32C5-B97B-B03E14770BE4}.Debug|win32.ActiveCfg = Debug|win32
		{6E3CC4A2-F956-32C5-B97B-B03E14770BE4}.Debug|win32.Build.0 = Debug|win32
		{6E3CC4A2-F956-32C5-B97B-B03E14770BE4}.Release|win32.ActiveCfg = Release|win32
		{6E3CC4A2-F956-32C5-B97B-B03E14770BE4}.Release|win32.Build.0 = Release|win32
		{6E3CC4A2-F956-32C5-B97B-B03E14770BE4}.MinSizeRel|win32.ActiveCfg = MinSizeRel|win32
		{6E3CC4A2-F956-32C5-B97B-B03E14770BE4}.MinSizeRel|win32.Build.0 = MinSizeRel|win32
		{6E3CC4A2-F956-32C5-B97B-B03E14770BE4}.RelWithDebInfo|win32.ActiveCfg = RelWithDebInfo|win32
		{6E3CC4A2-F956-32C5-B97B-B03E14770BE4}.RelWithDebInfo|win32.Build.0 = RelWithDebInfo|win32
	EndGlobalSection
	GlobalSection(NestedProjects) = preSolution
		{CBE599F0-AEA8-3D41-8E91-E4FFB40A017D} = {9AB15C57-53CA-339A-B4CE-AE8B93A0B731}
		{13543BD9-3441-389C-9284-2D245E154C5E} = {9AB15C57-53CA-339A-B4CE-AE8B93A0B731}
		{301FAC60-4C4C-3AF5-A2FB-29427636E707} = {DE0959DA-5247-30A9-B5B7-939E204B2CE2}
		{17F0AFB9-A28A-3F58-A480-13728B636B77} = {DE0959DA-5247-30A9-B5B7-939E204B2CE2}
		{460C8516-FB45-37B9-AC40-9326854A1E6F} = {DE0959DA-5247-30A9-B5B7-939E204B2CE2}
		{D8EC5C44-5A31-3BE5-9588-03C3130C516D} = {DE0959DA-5247-30A9-B5B7-939E204B2CE2}
		{B5459AEF-4CC7-349E-94AB-00009EC1A341} = {DE0959DA-5247-30A9-B5B7-939E204B2CE2}
		{2D902EE3-58E6-3DAA-B194-53F9B2885437} = {DE0959DA-5247-30A9-B5B7-939E204B2CE2}
		{0372FF46-0DCE-3C08-9E0A-73378D474129} = {DE0959DA-5247-30A9-B5B7-939E204B2CE2}
		{542BD5B9-53B3-376C-9239-0AC419A52686} = {DE0959DA-5247-30A9-B5B7-939E204B2CE2}
		{8CB8DA5F-6AEF-3C04-A7A5-79CE5F9E959F} = {DE0959DA-5247-30A9-B5B7-939E204B2CE2}
		{593C47C4-D350-3D61-A59B-5361C8E88DD5} = {DE0959DA-5247-30A9-B5B7-939E204B2CE2}
		{6E3CC4A2-F956-32C5-B97B-B03E14770BE4} = {DE0959DA-5247-30A9-B5B7-939E204B2CE2}
		{F24027A9-4AA7-39DB-A276-98B74EBC57F6} = {68B2FF0B-5E2E-3C89-8FF1-1BB821F87953}
	EndGlobalSection
	GlobalSection(ExtensibilityGlobals) = postSolution
		SolutionGuid = {ED9AD342-88DE-30D8-A9D2-7963A33F31F7}
	EndGlobalSection
	GlobalSection(ExtensibilityAddIns) = postSolution
	EndGlobalSection
EndGlobal
